// !$*UTF8*$!
{
	archiveVersion = 1;
	classes = {
	};
	objectVersion = 46;
	objects = {

/* Begin PBXBuildFile section */
		96FA5ECB195FB4C900F695D5 /* Foundation.framework in Frameworks */ = {isa = PBXBuildFile; fileRef = 96FA5ECA195FB4C900F695D5 /* Foundation.framework */; };
		96FA5ECD195FB4C900F695D5 /* CoreGraphics.framework in Frameworks */ = {isa = PBXBuildFile; fileRef = 96FA5ECC195FB4C900F695D5 /* CoreGraphics.framework */; };
		96FA5ECF195FB4C900F695D5 /* UIKit.framework in Frameworks */ = {isa = PBXBuildFile; fileRef = 96FA5ECE195FB4C900F695D5 /* UIKit.framework */; };
		96FA5ED5195FB4C900F695D5 /* InfoPlist.strings in Resources */ = {isa = PBXBuildFile; fileRef = 96FA5ED3195FB4C900F695D5 /* InfoPlist.strings */; };
		96FA5ED7195FB4C900F695D5 /* main.m in Sources */ = {isa = PBXBuildFile; fileRef = 96FA5ED6195FB4C900F695D5 /* main.m */; };
		96FA5EDB195FB4C900F695D5 /* AppDelegate.m in Sources */ = {isa = PBXBuildFile; fileRef = 96FA5EDA195FB4C900F695D5 /* AppDelegate.m */; };
		96FA5EDD195FB4C900F695D5 /* Images.xcassets in Resources */ = {isa = PBXBuildFile; fileRef = 96FA5EDC195FB4C900F695D5 /* Images.xcassets */; };
		96FA5EE4195FB4C900F695D5 /* XCTest.framework in Frameworks */ = {isa = PBXBuildFile; fileRef = 96FA5EE3195FB4C900F695D5 /* XCTest.framework */; };
		96FA5EE5195FB4C900F695D5 /* Foundation.framework in Frameworks */ = {isa = PBXBuildFile; fileRef = 96FA5ECA195FB4C900F695D5 /* Foundation.framework */; };
		96FA5EE6195FB4C900F695D5 /* UIKit.framework in Frameworks */ = {isa = PBXBuildFile; fileRef = 96FA5ECE195FB4C900F695D5 /* UIKit.framework */; };
		96FA5EEE195FB4C900F695D5 /* InfoPlist.strings in Resources */ = {isa = PBXBuildFile; fileRef = 96FA5EEC195FB4C900F695D5 /* InfoPlist.strings */; };
		96FA5EF0195FB4C900F695D5 /* CanvasTests.m in Sources */ = {isa = PBXBuildFile; fileRef = 96FA5EEF195FB4C900F695D5 /* CanvasTests.m */; };
		96FA5EFC195FB59500F695D5 /* CanvasViewController.m in Sources */ = {isa = PBXBuildFile; fileRef = 96FA5EFA195FB59500F695D5 /* CanvasViewController.m */; };
		96FA5EFD195FB59500F695D5 /* CanvasViewController.xib in Resources */ = {isa = PBXBuildFile; fileRef = 96FA5EFB195FB59500F695D5 /* CanvasViewController.xib */; };
/* End PBXBuildFile section */

/* Begin PBXContainerItemProxy section */
		96FA5EE7195FB4C900F695D5 /* PBXContainerItemProxy */ = {
			isa = PBXContainerItemProxy;
			containerPortal = 96FA5EBF195FB4C900F695D5 /* Project object */;
			proxyType = 1;
			remoteGlobalIDString = 96FA5EC6195FB4C900F695D5;
			remoteInfo = Canvas;
		};
/* End PBXContainerItemProxy section */

/* Begin PBXFileReference section */
		96FA5EC7195FB4C900F695D5 /* Canvas.app */ = {isa = PBXFileReference; explicitFileType = wrapper.application; includeInIndex = 0; path = Canvas.app; sourceTree = BUILT_PRODUCTS_DIR; };
		96FA5ECA195FB4C900F695D5 /* Foundation.framework */ = {isa = PBXFileReference; lastKnownFileType = wrapper.framework; name = Foundation.framework; path = System/Library/Frameworks/Foundation.framework; sourceTree = SDKROOT; };
		96FA5ECC195FB4C900F695D5 /* CoreGraphics.framework */ = {isa = PBXFileReference; lastKnownFileType = wrapper.framework; name = CoreGraphics.framework; path = System/Library/Frameworks/CoreGraphics.framework; sourceTree = SDKROOT; };
		96FA5ECE195FB4C900F695D5 /* UIKit.framework */ = {isa = PBXFileReference; lastKnownFileType = wrapper.framework; name = UIKit.framework; path = System/Library/Frameworks/UIKit.framework; sourceTree = SDKROOT; };
		96FA5ED2195FB4C900F695D5 /* Canvas-Info.plist */ = {isa = PBXFileReference; lastKnownFileType = text.plist.xml; path = "Canvas-Info.plist"; sourceTree = "<group>"; };
		96FA5ED4195FB4C900F695D5 /* en */ = {isa = PBXFileReference; lastKnownFileType = text.plist.strings; name = en; path = en.lproj/InfoPlist.strings; sourceTree = "<group>"; };
		96FA5ED6195FB4C900F695D5 /* main.m */ = {isa = PBXFileReference; lastKnownFileType = sourcecode.c.objc; path = main.m; sourceTree = "<group>"; };
		96FA5ED8195FB4C900F695D5 /* Canvas-Prefix.pch */ = {isa = PBXFileReference; lastKnownFileType = sourcecode.c.h; path = "Canvas-Prefix.pch"; sourceTree = "<group>"; };
		96FA5ED9195FB4C900F695D5 /* AppDelegate.h */ = {isa = PBXFileReference; lastKnownFileType = sourcecode.c.h; path = AppDelegate.h; sourceTree = "<group>"; };
		96FA5EDA195FB4C900F695D5 /* AppDelegate.m */ = {isa = PBXFileReference; lastKnownFileType = sourcecode.c.objc; path = AppDelegate.m; sourceTree = "<group>"; };
		96FA5EDC195FB4C900F695D5 /* Images.xcassets */ = {isa = PBXFileReference; lastKnownFileType = folder.assetcatalog; path = Images.xcassets; sourceTree = "<group>"; };
		96FA5EE2195FB4C900F695D5 /* CanvasTests.xctest */ = {isa = PBXFileReference; explicitFileType = wrapper.cfbundle; includeInIndex = 0; path = CanvasTests.xctest; sourceTree = BUILT_PRODUCTS_DIR; };
		96FA5EE3195FB4C900F695D5 /* XCTest.framework */ = {isa = PBXFileReference; lastKnownFileType = wrapper.framework; name = XCTest.framework; path = Library/Frameworks/XCTest.framework; sourceTree = DEVELOPER_DIR; };
		96FA5EEB195FB4C900F695D5 /* CanvasTests-Info.plist */ = {isa = PBXFileReference; lastKnownFileType = text.plist.xml; path = "CanvasTests-Info.plist"; sourceTree = "<group>"; };
		96FA5EED195FB4C900F695D5 /* en */ = {isa = PBXFileReference; lastKnownFileType = text.plist.strings; name = en; path = en.lproj/InfoPlist.strings; sourceTree = "<group>"; };
		96FA5EEF195FB4C900F695D5 /* CanvasTests.m */ = {isa = PBXFileReference; lastKnownFileType = sourcecode.c.objc; path = CanvasTests.m; sourceTree = "<group>"; };
		96FA5EF9195FB59500F695D5 /* CanvasViewController.h */ = {isa = PBXFileReference; fileEncoding = 4; lastKnownFileType = sourcecode.c.h; path = CanvasViewController.h; sourceTree = "<group>"; };
		96FA5EFA195FB59500F695D5 /* CanvasViewController.m */ = {isa = PBXFileReference; fileEncoding = 4; lastKnownFileType = sourcecode.c.objc; path = CanvasViewController.m; sourceTree = "<group>"; };
		96FA5EFB195FB59500F695D5 /* CanvasViewController.xib */ = {isa = PBXFileReference; fileEncoding = 4; lastKnownFileType = file.xib; path = CanvasViewController.xib; sourceTree = "<group>"; };
/* End PBXFileReference section */

/* Begin PBXFrameworksBuildPhase section */
		96FA5EC4195FB4C900F695D5 /* Frameworks */ = {
			isa = PBXFrameworksBuildPhase;
			buildActionMask = 2147483647;
			files = (
				96FA5ECD195FB4C900F695D5 /* CoreGraphics.framework in Frameworks */,
				96FA5ECF195FB4C900F695D5 /* UIKit.framework in Frameworks */,
				96FA5ECB195FB4C900F695D5 /* Foundation.framework in Frameworks */,
			);
			runOnlyForDeploymentPostprocessing = 0;
		};
		96FA5EDF195FB4C900F695D5 /* Frameworks */ = {
			isa = PBXFrameworksBuildPhase;
			buildActionMask = 2147483647;
			files = (
				96FA5EE4195FB4C900F695D5 /* XCTest.framework in Frameworks */,
				96FA5EE6195FB4C900F695D5 /* UIKit.framework in Frameworks */,
				96FA5EE5195FB4C900F695D5 /* Foundation.framework in Frameworks */,
			);
			runOnlyForDeploymentPostprocessing = 0;
		};
/* End PBXFrameworksBuildPhase section */

/* Begin PBXGroup section */
		96FA5EBE195FB4C900F695D5 = {
			isa = PBXGroup;
			children = (
				96FA5EF9195FB59500F695D5 /* CanvasViewController.h */,
				96FA5EFA195FB59500F695D5 /* CanvasViewController.m */,
				96FA5EFB195FB59500F695D5 /* CanvasViewController.xib */,
				96FA5ED0195FB4C900F695D5 /* Canvas */,
				96FA5EE9195FB4C900F695D5 /* CanvasTests */,
				96FA5EC9195FB4C900F695D5 /* Frameworks */,
				96FA5EC8195FB4C900F695D5 /* Products */,
			);
			sourceTree = "<group>";
		};
		96FA5EC8195FB4C900F695D5 /* Products */ = {
			isa = PBXGroup;
			children = (
				96FA5EC7195FB4C900F695D5 /* Canvas.app */,
				96FA5EE2195FB4C900F695D5 /* CanvasTests.xctest */,
			);
			name = Products;
			sourceTree = "<group>";
		};
		96FA5EC9195FB4C900F695D5 /* Frameworks */ = {
			isa = PBXGroup;
			children = (
				96FA5ECA195FB4C900F695D5 /* Foundation.framework */,
				96FA5ECC195FB4C900F695D5 /* CoreGraphics.framework */,
				96FA5ECE195FB4C900F695D5 /* UIKit.framework */,
				96FA5EE3195FB4C900F695D5 /* XCTest.framework */,
			);
			name = Frameworks;
			sourceTree = "<group>";
		};
		96FA5ED0195FB4C900F695D5 /* Canvas */ = {
			isa = PBXGroup;
			children = (
				96FA5ED9195FB4C900F695D5 /* AppDelegate.h */,
				96FA5EDA195FB4C900F695D5 /* AppDelegate.m */,
				96FA5EDC195FB4C900F695D5 /* Images.xcassets */,
				96FA5ED1195FB4C900F695D5 /* Supporting Files */,
			);
			path = Canvas;
			sourceTree = "<group>";
		};
		96FA5ED1195FB4C900F695D5 /* Supporting Files */ = {
			isa = PBXGroup;
			children = (
				96FA5ED2195FB4C900F695D5 /* Canvas-Info.plist */,
				96FA5ED3195FB4C900F695D5 /* InfoPlist.strings */,
				96FA5ED6195FB4C900F695D5 /* main.m */,
				96FA5ED8195FB4C900F695D5 /* Canvas-Prefix.pch */,
			);
			name = "Supporting Files";
			sourceTree = "<group>";
		};
		96FA5EE9195FB4C900F695D5 /* CanvasTests */ = {
			isa = PBXGroup;
			children = (
				96FA5EEF195FB4C900F695D5 /* CanvasTests.m */,
				96FA5EEA195FB4C900F695D5 /* Supporting Files */,
			);
			path = CanvasTests;
			sourceTree = "<group>";
		};
		96FA5EEA195FB4C900F695D5 /* Supporting Files */ = {
			isa = PBXGroup;
			children = (
				96FA5EEB195FB4C900F695D5 /* CanvasTests-Info.plist */,
				96FA5EEC195FB4C900F695D5 /* InfoPlist.strings */,
			);
			name = "Supporting Files";
			sourceTree = "<group>";
		};
/* End PBXGroup section */

/* Begin PBXNativeTarget section */
		96FA5EC6195FB4C900F695D5 /* Canvas */ = {
			isa = PBXNativeTarget;
			buildConfigurationList = 96FA5EF3195FB4C900F695D5 /* Build configuration list for PBXNativeTarget "Canvas" */;
			buildPhases = (
				96FA5EC3195FB4C900F695D5 /* Sources */,
				96FA5EC4195FB4C900F695D5 /* Frameworks */,
				96FA5EC5195FB4C900F695D5 /* Resources */,
			);
			buildRules = (
			);
			dependencies = (
			);
			name = Canvas;
			productName = Canvas;
			productReference = 96FA5EC7195FB4C900F695D5 /* Canvas.app */;
			productType = "com.apple.product-type.application";
		};
		96FA5EE1195FB4C900F695D5 /* CanvasTests */ = {
			isa = PBXNativeTarget;
			buildConfigurationList = 96FA5EF6195FB4C900F695D5 /* Build configuration list for PBXNativeTarget "CanvasTests" */;
			buildPhases = (
				96FA5EDE195FB4C900F695D5 /* Sources */,
				96FA5EDF195FB4C900F695D5 /* Frameworks */,
				96FA5EE0195FB4C900F695D5 /* Resources */,
			);
			buildRules = (
			);
			dependencies = (
				96FA5EE8195FB4C900F695D5 /* PBXTargetDependency */,
			);
			name = CanvasTests;
			productName = CanvasTests;
			productReference = 96FA5EE2195FB4C900F695D5 /* CanvasTests.xctest */;
			productType = "com.apple.product-type.bundle.unit-test";
		};
/* End PBXNativeTarget section */

/* Begin PBXProject section */
		96FA5EBF195FB4C900F695D5 /* Project object */ = {
			isa = PBXProject;
			attributes = {
				LastUpgradeCheck = 0510;
				ORGANIZATIONNAME = "___FULLUSERNAME___";
				TargetAttributes = {
					96FA5EE1195FB4C900F695D5 = {
						TestTargetID = 96FA5EC6195FB4C900F695D5;
					};
				};
			};
			buildConfigurationList = 96FA5EC2195FB4C900F695D5 /* Build configuration list for PBXProject "Canvas" */;
			compatibilityVersion = "Xcode 3.2";
			developmentRegion = English;
			hasScannedForEncodings = 0;
			knownRegions = (
				en,
			);
			mainGroup = 96FA5EBE195FB4C900F695D5;
			productRefGroup = 96FA5EC8195FB4C900F695D5 /* Products */;
			projectDirPath = "";
			projectRoot = "";
			targets = (
				96FA5EC6195FB4C900F695D5 /* Canvas */,
				96FA5EE1195FB4C900F695D5 /* CanvasTests */,
			);
		};
/* End PBXProject section */

/* Begin PBXResourcesBuildPhase section */
		96FA5EC5195FB4C900F695D5 /* Resources */ = {
			isa = PBXResourcesBuildPhase;
			buildActionMask = 2147483647;
			files = (
				96FA5EFD195FB59500F695D5 /* CanvasViewController.xib in Resources */,
				96FA5ED5195FB4C900F695D5 /* InfoPlist.strings in Resources */,
				96FA5EDD195FB4C900F695D5 /* Images.xcassets in Resources */,
			);
			runOnlyForDeploymentPostprocessing = 0;
		};
		96FA5EE0195FB4C900F695D5 /* Resources */ = {
			isa = PBXResourcesBuildPhase;
			buildActionMask = 2147483647;
			files = (
				96FA5EEE195FB4C900F695D5 /* InfoPlist.strings in Resources */,
			);
			runOnlyForDeploymentPostprocessing = 0;
		};
/* End PBXResourcesBuildPhase section */

/* Begin PBXSourcesBuildPhase section */
		96FA5EC3195FB4C900F695D5 /* Sources */ = {
			isa = PBXSourcesBuildPhase;
			buildActionMask = 2147483647;
			files = (
				96FA5EDB195FB4C900F695D5 /* AppDelegate.m in Sources */,
				96FA5ED7195FB4C900F695D5 /* main.m in Sources */,
				96FA5EFC195FB59500F695D5 /* CanvasViewController.m in Sources */,
			);
			runOnlyForDeploymentPostprocessing = 0;
		};
		96FA5EDE195FB4C900F695D5 /* Sources */ = {
			isa = PBXSourcesBuildPhase;
			buildActionMask = 2147483647;
			files = (
				96FA5EF0195FB4C900F695D5 /* CanvasTests.m in Sources */,
			);
			runOnlyForDeploymentPostprocessing = 0;
		};
/* End PBXSourcesBuildPhase section */

/* Begin PBXTargetDependency section */
		96FA5EE8195FB4C900F695D5 /* PBXTargetDependency */ = {
			isa = PBXTargetDependency;
			target = 96FA5EC6195FB4C900F695D5 /* Canvas */;
			targetProxy = 96FA5EE7195FB4C900F695D5 /* PBXContainerItemProxy */;
		};
/* End PBXTargetDependency section */

/* Begin PBXVariantGroup section */
		96FA5ED3195FB4C900F695D5 /* InfoPlist.strings */ = {
			isa = PBXVariantGroup;
			children = (
				96FA5ED4195FB4C900F695D5 /* en */,
			);
			name = InfoPlist.strings;
			sourceTree = "<group>";
		};
		96FA5EEC195FB4C900F695D5 /* InfoPlist.strings */ = {
			isa = PBXVariantGroup;
			children = (
				96FA5EED195FB4C900F695D5 /* en */,
			);
			name = InfoPlist.strings;
			sourceTree = "<group>";
		};
/* End PBXVariantGroup section */

/* Begin XCBuildConfiguration section */
		96FA5EF1195FB4C900F695D5 /* Debug */ = {
			isa = XCBuildConfiguration;
			buildSettings = {
				ALWAYS_SEARCH_USER_PATHS = NO;
				CLANG_CXX_LANGUAGE_STANDARD = "gnu++0x";
				CLANG_CXX_LIBRARY = "libc++";
				CLANG_ENABLE_MODULES = YES;
				CLANG_ENABLE_OBJC_ARC = YES;
				CLANG_WARN_BOOL_CONVERSION = YES;
				CLANG_WARN_CONSTANT_CONVERSION = YES;
				CLANG_WARN_DIRECT_OBJC_ISA_USAGE = YES_ERROR;
				CLANG_WARN_EMPTY_BODY = YES;
				CLANG_WARN_ENUM_CONVERSION = YES;
				CLANG_WARN_INT_CONVERSION = YES;
				CLANG_WARN_OBJC_ROOT_CLASS = YES_ERROR;
				CLANG_WARN__DUPLICATE_METHOD_MATCH = YES;
				"CODE_SIGN_IDENTITY[sdk=iphoneos*]" = "iPhone Developer";
				COPY_PHASE_STRIP = NO;
				GCC_C_LANGUAGE_STANDARD = gnu99;
				GCC_DYNAMIC_NO_PIC = NO;
				GCC_OPTIMIZATION_LEVEL = 0;
				GCC_PREPROCESSOR_DEFINITIONS = (
					"DEBUG=1",
					"$(inherited)",
				);
				GCC_SYMBOLS_PRIVATE_EXTERN = NO;
				GCC_WARN_64_TO_32_BIT_CONVERSION = YES;
				GCC_WARN_ABOUT_RETURN_TYPE = YES_ERROR;
				GCC_WARN_UNDECLARED_SELECTOR = YES;
				GCC_WARN_UNINITIALIZED_AUTOS = YES_AGGRESSIVE;
				GCC_WARN_UNUSED_FUNCTION = YES;
				GCC_WARN_UNUSED_VARIABLE = YES;
				IPHONEOS_DEPLOYMENT_TARGET = 7.1;
				ONLY_ACTIVE_ARCH = YES;
				SDKROOT = iphoneos;
			};
			name = Debug;
		};
		96FA5EF2195FB4C900F695D5 /* Release */ = {
			isa = XCBuildConfiguration;
			buildSettings = {
				ALWAYS_SEARCH_USER_PATHS = NO;
				CLANG_CXX_LANGUAGE_STANDARD = "gnu++0x";
				CLANG_CXX_LIBRARY = "libc++";
				CLANG_ENABLE_MODULES = YES;
				CLANG_ENABLE_OBJC_ARC = YES;
				CLANG_WARN_BOOL_CONVERSION = YES;
				CLANG_WARN_CONSTANT_CONVERSION = YES;
				CLANG_WARN_DIRECT_OBJC_ISA_USAGE = YES_ERROR;
				CLANG_WARN_EMPTY_BODY = YES;
				CLANG_WARN_ENUM_CONVERSION = YES;
				CLANG_WARN_INT_CONVERSION = YES;
				CLANG_WARN_OBJC_ROOT_CLASS = YES_ERROR;
				CLANG_WARN__DUPLICATE_METHOD_MATCH = YES;
				"CODE_SIGN_IDENTITY[sdk=iphoneos*]" = "iPhone Developer";
				COPY_PHASE_STRIP = YES;
				ENABLE_NS_ASSERTIONS = NO;
				GCC_C_LANGUAGE_STANDARD = gnu99;
				GCC_WARN_64_TO_32_BIT_CONVERSION = YES;
				GCC_WARN_ABOUT_RETURN_TYPE = YES_ERROR;
				GCC_WARN_UNDECLARED_SELECTOR = YES;
				GCC_WARN_UNINITIALIZED_AUTOS = YES_AGGRESSIVE;
				GCC_WARN_UNUSED_FUNCTION = YES;
				GCC_WARN_UNUSED_VARIABLE = YES;
				IPHONEOS_DEPLOYMENT_TARGET = 7.1;
				SDKROOT = iphoneos;
				VALIDATE_PRODUCT = YES;
			};
			name = Release;
		};
		96FA5EF4195FB4C900F695D5 /* Debug */ = {
			isa = XCBuildConfiguration;
			buildSettings = {
				ASSETCATALOG_COMPILER_APPICON_NAME = AppIcon;
				ASSETCATALOG_COMPILER_LAUNCHIMAGE_NAME = LaunchImage;
				GCC_PRECOMPILE_PREFIX_HEADER = YES;
				GCC_PREFIX_HEADER = "Canvas/Canvas-Prefix.pch";
				INFOPLIST_FILE = "Canvas/Canvas-Info.plist";
				PRODUCT_NAME = "$(TARGET_NAME)";
				WRAPPER_EXTENSION = app;
			};
			name = Debug;
		};
		96FA5EF5195FB4C900F695D5 /* Release */ = {
			isa = XCBuildConfiguration;
			buildSettings = {
				ASSETCATALOG_COMPILER_APPICON_NAME = AppIcon;
				ASSETCATALOG_COMPILER_LAUNCHIMAGE_NAME = LaunchImage;
				GCC_PRECOMPILE_PREFIX_HEADER = YES;
				GCC_PREFIX_HEADER = "Canvas/Canvas-Prefix.pch";
				INFOPLIST_FILE = "Canvas/Canvas-Info.plist";
				PRODUCT_NAME = "$(TARGET_NAME)";
				WRAPPER_EXTENSION = app;
			};
			name = Release;
		};
		96FA5EF7195FB4C900F695D5 /* Debug */ = {
			isa = XCBuildConfiguration;
			buildSettings = {
				BUNDLE_LOADER = "$(BUILT_PRODUCTS_DIR)/Canvas.app/Canvas";
				FRAMEWORK_SEARCH_PATHS = (
					"$(SDKROOT)/Developer/Library/Frameworks",
					"$(inherited)",
					"$(DEVELOPER_FRAMEWORKS_DIR)",
				);
				GCC_PRECOMPILE_PREFIX_HEADER = YES;
				GCC_PREFIX_HEADER = "Canvas/Canvas-Prefix.pch";
				GCC_PREPROCESSOR_DEFINITIONS = (
					"DEBUG=1",
					"$(inherited)",
				);
				INFOPLIST_FILE = "CanvasTests/CanvasTests-Info.plist";
				PRODUCT_NAME = "$(TARGET_NAME)";
				TEST_HOST = "$(BUNDLE_LOADER)";
				WRAPPER_EXTENSION = xctest;
			};
			name = Debug;
		};
		96FA5EF8195FB4C900F695D5 /* Release */ = {
			isa = XCBuildConfiguration;
			buildSettings = {
				BUNDLE_LOADER = "$(BUILT_PRODUCTS_DIR)/Canvas.app/Canvas";
				FRAMEWORK_SEARCH_PATHS = (
					"$(SDKROOT)/Developer/Library/Frameworks",
					"$(inherited)",
					"$(DEVELOPER_FRAMEWORKS_DIR)",
				);
				GCC_PRECOMPILE_PREFIX_HEADER = YES;
				GCC_PREFIX_HEADER = "Canvas/Canvas-Prefix.pch";
				INFOPLIST_FILE = "CanvasTests/CanvasTests-Info.plist";
				PRODUCT_NAME = "$(TARGET_NAME)";
				TEST_HOST = "$(BUNDLE_LOADER)";
				WRAPPER_EXTENSION = xctest;
			};
			name = Release;
		};
/* End XCBuildConfiguration section */

/* Begin XCConfigurationList section */
		96FA5EC2195FB4C900F695D5 /* Build configuration list for PBXProject "Canvas" */ = {
			isa = XCConfigurationList;
			buildConfigurations = (
				96FA5EF1195FB4C900F695D5 /* Debug */,
				96FA5EF2195FB4C900F695D5 /* Release */,
			);
			defaultConfigurationIsVisible = 0;
			defaultConfigurationName = Release;
		};
		96FA5EF3195FB4C900F695D5 /* Build configuration list for PBXNativeTarget "Canvas" */ = {
			isa = XCConfigurationList;
			buildConfigurations = (
				96FA5EF4195FB4C900F695D5 /* Debug */,
				96FA5EF5195FB4C900F695D5 /* Release */,
			);
			defaultConfigurationIsVisible = 0;
		};
		96FA5EF6195FB4C900F695D5 /* Build configuration list for PBXNativeTarget "CanvasTests" */ = {
			isa = XCConfigurationList;
			buildConfigurations = (
				96FA5EF7195FB4C900F695D5 /* Debug */,
				96FA5EF8195FB4C900F695D5 /* Release */,
			);
			defaultConfigurationIsVisible = 0;
		};
/* End XCConfigurationList section */
	};
	rootObject = 96FA5EBF195FB4C900F695D5 /* Project object */;
}
